#MicroXplorer Configuration settings - do not modify
Mcu.Family=STM32F4
ProjectManager.MainLocation=Core/Src
NVIC.CAN1_RX1_IRQn=true\:0\:0\:false\:false\:true\:true\:true
USB_DEVICE.CLASS_NAME_FS=CDC
PC7.GPIOParameters=GPIO_Label
PH0-OSC_IN.Signal=RCC_OSC_IN
RCC.CortexFreq_Value=168000000
ProjectManager.KeepUserCode=true
Mcu.UserName=STM32F446RETx
CAN2.CalculateTimeBit=999.99
RCC.PLLCLKFreq_Value=168000000
RCC.PLLQCLKFreq_Value=48000000
PC5.Locked=true
PC7.Locked=true
ProjectManager.functionlistsort=1-MX_GPIO_Init-GPIO-false-HAL-true,2-SystemClock_Config-RCC-false-HAL-false,3-MX_USB_DEVICE_Init-USB_DEVICE-false-HAL-false,4-MX_CAN1_Init-CAN1-false-HAL-true,5-MX_CAN2_Init-CAN2-false-HAL-true,6-MX_I2C3_Init-I2C3-false-HAL-true,7-MX_TIM5_Init-TIM5-false-HAL-true
SH.S_TIM5_CH2.0=TIM5_CH2,PWM Generation2 CH2
PC6.GPIO_Label=I2C_SEL3
PA11.Mode=Device_Only
PA6.GPIO_Label=RM_LED2
PB0.GPIO_Label=ID1
RCC.PLLI2SRCLKFreq_Value=96000000
USB_DEVICE.VirtualMode-CDC_FS=Cdc
PB15.Signal=GPIO_Output
RCC.SAIAFreq_Value=96000000
PA2.GPIOParameters=GPIO_Label
PinOutPanel.RotationAngle=0
RCC.SYSCLKSource=RCC_SYSCLKSOURCE_PLLCLK
ProjectManager.StackSize=0x400
Mcu.IP4=RCC
RCC.FCLKCortexFreq_Value=168000000
Mcu.IP5=SYS
Mcu.IP2=I2C3
NVIC.SVCall_IRQn=true\:0\:0\:false\:false\:true\:false\:false
Mcu.IP3=NVIC
Mcu.IP0=CAN1
Mcu.IP1=CAN2
PA12.Signal=USB_OTG_FS_DP
Mcu.UserConstants=
NVIC.CAN1_TX_IRQn=true\:0\:0\:false\:false\:true\:true\:true
Mcu.ThirdPartyNb=0
RCC.SDIOFreq_Value=48000000
RCC.HCLKFreq_Value=168000000
Mcu.IPNb=9
ProjectManager.PreviousToolchain=
RCC.APB2TimFreq_Value=168000000
PB6.Signal=CAN2_TX
RCC.SPDIFRXFreq_Value=168000000
PC7.Signal=GPIO_Output
SH.S_TIM5_CH3.0=TIM5_CH3,PWM Generation3 CH3
PB6.Mode=CAN_Activate
Mcu.Pin6=PA5
Mcu.Pin7=PA6
Mcu.Pin8=PA7
Mcu.Pin9=PC4
RCC.VCOSAIOutputFreq_Value=192000000
RCC.AHBFreq_Value=168000000
PH0-OSC_IN.Mode=HSE-External-Oscillator
Mcu.Pin0=PH0-OSC_IN
Mcu.Pin1=PH1-OSC_OUT
Mcu.Pin2=PA0-WKUP
Mcu.Pin3=PA1
PA0-WKUP.GPIOParameters=GPIO_Label
Mcu.Pin4=PA2
Mcu.Pin5=PA4
ProjectManager.ProjectBuild=false
RCC.HSE_VALUE=16000000
NVIC.UsageFault_IRQn=true\:0\:0\:false\:false\:true\:false\:false
NVIC.DebugMonitor_IRQn=true\:0\:0\:false\:false\:true\:false\:false
PA4.Locked=true
NVIC.SysTick_IRQn=true\:0\:0\:false\:false\:true\:false\:true
ProjectManager.FirmwarePackage=STM32Cube FW_F4 V1.26.2
MxDb.Version=DB.6.0.21
PB0.GPIOParameters=GPIO_Label
PA1.GPIOParameters=GPIO_Label
ProjectManager.BackupPrevious=false
RCC.VCOInputFreq_Value=2000000
PC4.GPIO_Label=ID0
CAN2.Prescaler=3
PB1.GPIO_Label=ID3
PB5.Mode=CAN_Activate
File.Version=6
PC9.Mode=I2C
PA8.Signal=I2C3_SCL
RCC.PLLRCLKFreq_Value=168000000
PB6.Locked=true
NVIC.PendSV_IRQn=true\:0\:0\:false\:false\:true\:false\:false
SH.S_TIM5_CH2.ConfNb=1
RCC.PLLI2SoutputFreq_Value=96000000
ProjectManager.HalAssertFull=false
PB0.Locked=true
ProjectManager.ProjectName=Robomas_controller
PH1-OSC_OUT.Mode=HSE-External-Oscillator
RCC.MCO2PinFreq_Value=168000000
PC8.GPIOParameters=GPIO_Label
CAN1.Prescaler=3
Mcu.Package=LQFP64
PB9.Signal=CAN1_TX
PB1.Signal=GPIO_Input
PA6.Signal=GPIO_Output
PA7.Locked=true
PA5.Locked=true
CAN2.BS1=CAN_BS1_8TQ
RCC.I2S2Freq_Value=96000000
CAN2.BS2=CAN_BS2_5TQ
PA14.Locked=true
NVIC.OTG_FS_IRQn=true\:0\:0\:false\:false\:true\:false\:true
ProjectManager.ToolChainLocation=
PA2.GPIO_Label=LED_B
VP_SYS_VS_Systick.Signal=SYS_VS_Systick
USB_OTG_FS.VirtualMode=Device_Only
VP_USB_DEVICE_VS_USB_DEVICE_CDC_FS.Signal=USB_DEVICE_VS_USB_DEVICE_CDC_FS
PA5.GPIOParameters=GPIO_Label
RCC.APB2CLKDivider=RCC_HCLK_DIV2
RCC.CECFreq_Value=32786.88524590164
RCC.APB1TimFreq_Value=84000000
NVIC.BusFault_IRQn=true\:0\:0\:false\:false\:true\:false\:false
SH.S_TIM5_CH1.0=TIM5_CH1,PWM Generation1 CH1
PC4.Locked=true
PC5.Signal=GPIO_Input
USB_OTG_FS.IPParameters=VirtualMode
RCC.SAIBFreq_Value=96000000
CAN1.CalculateTimeBit=999.99
PA4.GPIO_Label=RM_LED4
ProjectManager.CustomerFirmwarePackage=
PC4.GPIOParameters=GPIO_Label
RCC.PLLSAIQCLKFreq_Value=96000000
PB15.Locked=true
CAN1.CalculateTimeQuantum=71.42857142857143
PA2.Locked=true
PA6.GPIOParameters=GPIO_Label
RCC.PLLSourceVirtual=RCC_PLLSOURCE_HSE
CAN2.CalculateBaudRate=1000000
ProjectManager.ProjectFileName=Robomas_controller.ioc
TIM5.IPParameters=Channel-PWM Generation1 CH1,Channel-PWM Generation2 CH2,Channel-PWM Generation3 CH3,Period
Mcu.PinsNb=29
ProjectManager.NoMain=false
USB_DEVICE.VirtualModeFS=Cdc_FS
CAN1.IPParameters=CalculateTimeQuantum,CalculateTimeBit,CalculateBaudRate,Prescaler,BS1,BS2
RCC.FMPI2C1Freq_Value=42000000
CAN1.CalculateBaudRate=1000000
CAN2.IPParameters=CalculateTimeQuantum,CalculateTimeBit,CalculateBaudRate,BS1,BS2,Prescaler
RCC.VCOI2SInputFreq_Value=1000000
PC8.Signal=GPIO_Output
PC4.Signal=GPIO_Input
PC6.Signal=GPIO_Output
ProjectManager.DefaultFWLocation=true
TIM5.Channel-PWM\ Generation3\ CH3=TIM_CHANNEL_3
ProjectManager.DeletePrevious=true
RCC.APB1CLKDivider=RCC_HCLK_DIV4
USB_DEVICE.IPParameters=VirtualMode-CDC_FS,VirtualModeFS,CLASS_NAME_FS
RCC.FamilyName=M
PA0-WKUP.GPIO_Label=LED_R
PA0-WKUP.Signal=S_TIM5_CH1
PA0-WKUP.Locked=true
PC8.GPIO_Label=I2C_SEL1
PA13.Signal=SYS_JTMS-SWDIO
CAN1.BS2=CAN_BS2_5TQ
CAN1.BS1=CAN_BS1_8TQ
ProjectManager.TargetToolchain=STM32CubeIDE
VP_USB_DEVICE_VS_USB_DEVICE_CDC_FS.Mode=CDC_FS
PB9.Mode=CAN_Activate
PC6.Locked=true
PC5.GPIOParameters=GPIO_Label
SH.S_TIM5_CH3.ConfNb=1
RCC.I2S1Freq_Value=96000000
PB5.Locked=true
ProjectManager.RegisterCallBack=
RCC.USBFreq_Value=48000000
RCC.PLLSAIoutputFreq_Value=96000000
PA1.Signal=S_TIM5_CH2
PB1.Locked=true
RCC.VCOI2SOutputFreq_Value=192000000
PA5.Signal=GPIO_Output
RCC.PLLSAIPCLKFreq_Value=96000000
board=custom
RCC.VCOOutputFreq_Value=336000000
ProjectManager.LastFirmware=true
RCC.APB2Freq_Value=84000000
MxCube.Version=6.2.1
PB15.GPIO_Label=I2C_SEL4
RCC.PLLI2SPCLKFreq_Value=96000000
PA1.GPIO_Label=LED_G
VP_SYS_VS_Systick.Mode=SysTick
CAN2.CalculateTimeQuantum=71.42857142857143
PH1-OSC_OUT.Signal=RCC_OSC_OUT
NVIC.NonMaskableInt_IRQn=true\:0\:0\:false\:false\:true\:false\:false
PA4.GPIOParameters=GPIO_Label
PB15.GPIOParameters=GPIO_Label
ProjectManager.FreePins=false
RCC.IPParameters=AHBFreq_Value,APB1CLKDivider,APB1Freq_Value,APB1TimFreq_Value,APB2CLKDivider,APB2Freq_Value,APB2TimFreq_Value,CECFreq_Value,CortexFreq_Value,FCLKCortexFreq_Value,FMPI2C1Freq_Value,FamilyName,HCLKFreq_Value,HSE_VALUE,I2S1Freq_Value,I2S2Freq_Value,MCO2PinFreq_Value,PLLCLKFreq_Value,PLLI2SPCLKFreq_Value,PLLI2SQCLKFreq_Value,PLLI2SRCLKFreq_Value,PLLI2SoutputFreq_Value,PLLM,PLLN,PLLQ,PLLQCLKFreq_Value,PLLRCLKFreq_Value,PLLSAIPCLKFreq_Value,PLLSAIQCLKFreq_Value,PLLSAIoutputFreq_Value,PLLSourceVirtual,PWRFreq_Value,SAIAFreq_Value,SAIBFreq_Value,SDIOFreq_Value,SPDIFRXFreq_Value,SYSCLKFreq_VALUE,SYSCLKSource,USBFreq_Value,VCOI2SInputFreq_Value,VCOI2SOutputFreq_Value,VCOInputFreq_Value,VCOOutputFreq_Value,VCOSAIInputFreq_Value,VCOSAIOutputFreq_Value
ProjectManager.AskForMigrate=true
Mcu.Name=STM32F446R(C-E)Tx
RCC.PLLI2SQCLKFreq_Value=96000000
Mcu.Pin26=PB9
Mcu.Pin27=VP_SYS_VS_Systick
PA2.Signal=S_TIM5_CH3
Mcu.Pin24=PB6
ProjectManager.UnderRoot=true
Mcu.Pin25=PB8
Mcu.IP8=USB_OTG_FS
PC7.GPIO_Label=I2C_SEL2
Mcu.Pin28=VP_USB_DEVICE_VS_USB_DEVICE_CDC_FS
Mcu.IP6=TIM5
RCC.VCOSAIInputFreq_Value=1000000
Mcu.IP7=USB_DEVICE
ProjectManager.CoupleFile=false
TIM5.Channel-PWM\ Generation2\ CH2=TIM_CHANNEL_2
PA4.Signal=GPIO_Output
RCC.SYSCLKFreq_VALUE=168000000
PB5.Signal=CAN2_RX
Mcu.Pin22=PA14
Mcu.Pin23=PB5
PA1.Locked=true
PA7.GPIO_Label=RM_LED1
Mcu.Pin20=PA12
Mcu.Pin21=PA13
PA12.Mode=Device_Only
PA5.GPIO_Label=RM_LED3
NVIC.ForceEnableDMAVector=true
KeepUserPlacement=false
PC5.GPIO_Label=ID2
NVIC.MemoryManagement_IRQn=true\:0\:0\:false\:false\:true\:false\:false
PA13.Locked=true
ProjectManager.CompilerOptimize=6
PA11.Signal=USB_OTG_FS_DM
TIM5.Channel-PWM\ Generation1\ CH1=TIM_CHANNEL_1
PA14.Signal=SYS_JTCK-SWCLK
ProjectManager.HeapSize=0x200
Mcu.Pin15=PC7
NVIC.HardFault_IRQn=true\:0\:0\:false\:false\:true\:false\:false
Mcu.Pin16=PC8
Mcu.Pin13=PB15
PC6.GPIOParameters=GPIO_Label
Mcu.Pin14=PC6
Mcu.Pin19=PA11
ProjectManager.ComputerToolchain=false
Mcu.Pin17=PC9
Mcu.Pin18=PA8
RCC.PLLQ=7
NVIC.PriorityGroup=NVIC_PRIORITYGROUP_4
Mcu.Pin11=PB0
Mcu.Pin12=PB1
RCC.PLLM=8
PB8.Mode=CAN_Activate
RCC.PLLN=168
Mcu.Pin10=PC5
PB8.Signal=CAN1_RX
RCC.PWRFreq_Value=168000000
PC8.Locked=true
TIM5.Period=1000
PA8.Mode=I2C
PC9.Signal=I2C3_SDA
RCC.APB1Freq_Value=42000000
PB0.Signal=GPIO_Input
PA7.GPIOParameters=GPIO_Label
ProjectManager.DeviceId=STM32F446RETx
ProjectManager.LibraryCopy=1
SH.S_TIM5_CH1.ConfNb=1
NVIC.CAN1_RX0_IRQn=true\:0\:0\:false\:false\:true\:true\:true
PB1.GPIOParameters=GPIO_Label
PA7.Signal=GPIO_Output
PA6.Locked=true
isbadioc=false
